// !$*UTF8*$!
{
	archiveVersion = 1;
	classes = {
	};
	objectVersion = 56;
	objects = {

/* Begin PBXBuildFile section */
		F5BB20C12A09D51F00DE4F9B /* AppDelegate.swift in Sources */ = {isa = PBXBuildFile; fileRef = F5BB20C02A09D51F00DE4F9B /* AppDelegate.swift */; };
		F5BB20C32A09D51F00DE4F9B /* SceneDelegate.swift in Sources */ = {isa = PBXBuildFile; fileRef = F5BB20C22A09D51F00DE4F9B /* SceneDelegate.swift */; };
		F5BB20C52A09D51F00DE4F9B /* ViewController.swift in Sources */ = {isa = PBXBuildFile; fileRef = F5BB20C42A09D51F00DE4F9B /* ViewController.swift */; };
		F5BB20C82A09D51F00DE4F9B /* Main.storyboard in Resources */ = {isa = PBXBuildFile; fileRef = F5BB20C62A09D51F00DE4F9B /* Main.storyboard */; };
		F5BB20CA2A09D52000DE4F9B /* Assets.xcassets in Resources */ = {isa = PBXBuildFile; fileRef = F5BB20C92A09D52000DE4F9B /* Assets.xcassets */; };
		F5BB20CD2A09D52000DE4F9B /* LaunchScreen.storyboard in Resources */ = {isa = PBXBuildFile; fileRef = F5BB20CB2A09D52000DE4F9B /* LaunchScreen.storyboard */; };
		F5BB20D82A09D52000DE4F9B /* PersonalityQuiz_GomezTests.swift in Sources */ = {isa = PBXBuildFile; fileRef = F5BB20D72A09D52000DE4F9B /* PersonalityQuiz_GomezTests.swift */; };
		F5BB20E22A09D52000DE4F9B /* PersonalityQuiz_GomezUITests.swift in Sources */ = {isa = PBXBuildFile; fileRef = F5BB20E12A09D52000DE4F9B /* PersonalityQuiz_GomezUITests.swift */; };
		F5BB20E42A09D52000DE4F9B /* PersonalityQuiz_GomezUITestsLaunchTests.swift in Sources */ = {isa = PBXBuildFile; fileRef = F5BB20E32A09D52000DE4F9B /* PersonalityQuiz_GomezUITestsLaunchTests.swift */; };
/* End PBXBuildFile section */

/* Begin PBXContainerItemProxy section */
		F5BB20D42A09D52000DE4F9B /* PBXContainerItemProxy */ = {
			isa = PBXContainerItemProxy;
			containerPortal = F5BB20B52A09D51F00DE4F9B /* Project object */;
			proxyType = 1;
			remoteGlobalIDString = F5BB20BC2A09D51F00DE4F9B;
			remoteInfo = PersonalityQuiz_Gomez;
		};
		F5BB20DE2A09D52000DE4F9B /* PBXContainerItemProxy */ = {
			isa = PBXContainerItemProxy;
			containerPortal = F5BB20B52A09D51F00DE4F9B /* Project object */;
			proxyType = 1;
			remoteGlobalIDString = F5BB20BC2A09D51F00DE4F9B;
			remoteInfo = PersonalityQuiz_Gomez;
		};
/* End PBXContainerItemProxy section */

/* Begin PBXFileReference section */
		F5BB20BD2A09D51F00DE4F9B /* PersonalityQuiz_Gomez.app */ = {isa = PBXFileReference; explicitFileType = wrapper.application; includeInIndex = 0; path = PersonalityQuiz_Gomez.app; sourceTree = BUILT_PRODUCTS_DIR; };
		F5BB20C02A09D51F00DE4F9B /* AppDelegate.swift */ = {isa = PBXFileReference; lastKnownFileType = sourcecode.swift; path = AppDelegate.swift; sourceTree = "<group>"; };
		F5BB20C22A09D51F00DE4F9B /* SceneDelegate.swift */ = {isa = PBXFileReference; lastKnownFileType = sourcecode.swift; path = SceneDelegate.swift; sourceTree = "<group>"; };
		F5BB20C42A09D51F00DE4F9B /* ViewController.swift */ = {isa = PBXFileReference; lastKnownFileType = sourcecode.swift; path = ViewController.swift; sourceTree = "<group>"; };
		F5BB20C72A09D51F00DE4F9B /* Base */ = {isa = PBXFileReference; lastKnownFileType = file.storyboard; name = Base; path = Base.lproj/Main.storyboard; sourceTree = "<group>"; };
		F5BB20C92A09D52000DE4F9B /* Assets.xcassets */ = {isa = PBXFileReference; lastKnownFileType = folder.assetcatalog; path = Assets.xcassets; sourceTree = "<group>"; };
		F5BB20CC2A09D52000DE4F9B /* Base */ = {isa = PBXFileReference; lastKnownFileType = file.storyboard; name = Base; path = Base.lproj/LaunchScreen.storyboard; sourceTree = "<group>"; };
		F5BB20CE2A09D52000DE4F9B /* Info.plist */ = {isa = PBXFileReference; lastKnownFileType = text.plist.xml; path = Info.plist; sourceTree = "<group>"; };
		F5BB20D32A09D52000DE4F9B /* PersonalityQuiz_GomezTests.xctest */ = {isa = PBXFileReference; explicitFileType = wrapper.cfbundle; includeInIndex = 0; path = PersonalityQuiz_GomezTests.xctest; sourceTree = BUILT_PRODUCTS_DIR; };
		F5BB20D72A09D52000DE4F9B /* PersonalityQuiz_GomezTests.swift */ = {isa = PBXFileReference; lastKnownFileType = sourcecode.swift; path = PersonalityQuiz_GomezTests.swift; sourceTree = "<group>"; };
		F5BB20DD2A09D52000DE4F9B /* PersonalityQuiz_GomezUITests.xctest */ = {isa = PBXFileReference; explicitFileType = wrapper.cfbundle; includeInIndex = 0; path = PersonalityQuiz_GomezUITests.xctest; sourceTree = BUILT_PRODUCTS_DIR; };
		F5BB20E12A09D52000DE4F9B /* PersonalityQuiz_GomezUITests.swift */ = {isa = PBXFileReference; lastKnownFileType = sourcecode.swift; path = PersonalityQuiz_GomezUITests.swift; sourceTree = "<group>"; };
		F5BB20E32A09D52000DE4F9B /* PersonalityQuiz_GomezUITestsLaunchTests.swift */ = {isa = PBXFileReference; lastKnownFileType = sourcecode.swift; path = PersonalityQuiz_GomezUITestsLaunchTests.swift; sourceTree = "<group>"; };
/* End PBXFileReference section */

/* Begin PBXFrameworksBuildPhase section */
		F5BB20BA2A09D51F00DE4F9B /* Frameworks */ = {
			isa = PBXFrameworksBuildPhase;
			buildActionMask = 2147483647;
			files = (
			);
			runOnlyForDeploymentPostprocessing = 0;
		};
		F5BB20D02A09D52000DE4F9B /* Frameworks */ = {
			isa = PBXFrameworksBuildPhase;
			buildActionMask = 2147483647;
			files = (
			);
			runOnlyForDeploymentPostprocessing = 0;
		};
		F5BB20DA2A09D52000DE4F9B /* Frameworks */ = {
			isa = PBXFrameworksBuildPhase;
			buildActionMask = 2147483647;
			files = (
			);
			runOnlyForDeploymentPostprocessing = 0;
		};
/* End PBXFrameworksBuildPhase section */

/* Begin PBXGroup section */
		F5BB20B42A09D51F00DE4F9B = {
			isa = PBXGroup;
			children = (
				F5BB20BF2A09D51F00DE4F9B /* PersonalityQuiz_Gomez */,
				F5BB20D62A09D52000DE4F9B /* PersonalityQuiz_GomezTests */,
				F5BB20E02A09D52000DE4F9B /* PersonalityQuiz_GomezUITests */,
				F5BB20BE2A09D51F00DE4F9B /* Products */,
			);
			sourceTree = "<group>";
		};
		F5BB20BE2A09D51F00DE4F9B /* Products */ = {
			isa = PBXGroup;
			children = (
				F5BB20BD2A09D51F00DE4F9B /* PersonalityQuiz_Gomez.app */,
				F5BB20D32A09D52000DE4F9B /* PersonalityQuiz_GomezTests.xctest */,
				F5BB20DD2A09D52000DE4F9B /* PersonalityQuiz_GomezUITests.xctest */,
			);
			name = Products;
			sourceTree = "<group>";
		};
		F5BB20BF2A09D51F00DE4F9B /* PersonalityQuiz_Gomez */ = {
			isa = PBXGroup;
			children = (
				F5BB20C02A09D51F00DE4F9B /* AppDelegate.swift */,
				F5BB20C22A09D51F00DE4F9B /* SceneDelegate.swift */,
				F5BB20C42A09D51F00DE4F9B /* ViewController.swift */,
				F5BB20C62A09D51F00DE4F9B /* Main.storyboard */,
				F5BB20C92A09D52000DE4F9B /* Assets.xcassets */,
				F5BB20CB2A09D52000DE4F9B /* LaunchScreen.storyboard */,
				F5BB20CE2A09D52000DE4F9B /* Info.plist */,
			);
			path = PersonalityQuiz_Gomez;
			sourceTree = "<group>";
		};
		F5BB20D62A09D52000DE4F9B /* PersonalityQuiz_GomezTests */ = {
			isa = PBXGroup;
			children = (
				F5BB20D72A09D52000DE4F9B /* PersonalityQuiz_GomezTests.swift */,
			);
			path = PersonalityQuiz_GomezTests;
			sourceTree = "<group>";
		};
		F5BB20E02A09D52000DE4F9B /* PersonalityQuiz_GomezUITests */ = {
			isa = PBXGroup;
			children = (
				F5BB20E12A09D52000DE4F9B /* PersonalityQuiz_GomezUITests.swift */,
				F5BB20E32A09D52000DE4F9B /* PersonalityQuiz_GomezUITestsLaunchTests.swift */,
			);
			path = PersonalityQuiz_GomezUITests;
			sourceTree = "<group>";
		};
/* End PBXGroup section */

/* Begin PBXNativeTarget section */
		F5BB20BC2A09D51F00DE4F9B /* PersonalityQuiz_Gomez */ = {
			isa = PBXNativeTarget;
			buildConfigurationList = F5BB20E72A09D52000DE4F9B /* Build configuration list for PBXNativeTarget "PersonalityQuiz_Gomez" */;
			buildPhases = (
				F5BB20B92A09D51F00DE4F9B /* Sources */,
				F5BB20BA2A09D51F00DE4F9B /* Frameworks */,
				F5BB20BB2A09D51F00DE4F9B /* Resources */,
			);
			buildRules = (
			);
			dependencies = (
			);
			name = PersonalityQuiz_Gomez;
			productName = PersonalityQuiz_Gomez;
			productReference = F5BB20BD2A09D51F00DE4F9B /* PersonalityQuiz_Gomez.app */;
			productType = "com.apple.product-type.application";
		};
		F5BB20D22A09D52000DE4F9B /* PersonalityQuiz_GomezTests */ = {
			isa = PBXNativeTarget;
			buildConfigurationList = F5BB20EA2A09D52000DE4F9B /* Build configuration list for PBXNativeTarget "PersonalityQuiz_GomezTests" */;
			buildPhases = (
				F5BB20CF2A09D52000DE4F9B /* Sources */,
				F5BB20D02A09D52000DE4F9B /* Frameworks */,
				F5BB20D12A09D52000DE4F9B /* Resources */,
			);
			buildRules = (
			);
			dependencies = (
				F5BB20D52A09D52000DE4F9B /* PBXTargetDependency */,
			);
			name = PersonalityQuiz_GomezTests;
			productName = PersonalityQuiz_GomezTests;
			productReference = F5BB20D32A09D52000DE4F9B /* PersonalityQuiz_GomezTests.xctest */;
			productType = "com.apple.product-type.bundle.unit-test";
		};
		F5BB20DC2A09D52000DE4F9B /* PersonalityQuiz_GomezUITests */ = {
			isa = PBXNativeTarget;
			buildConfigurationList = F5BB20ED2A09D52000DE4F9B /* Build configuration list for PBXNativeTarget "PersonalityQuiz_GomezUITests" */;
			buildPhases = (
				F5BB20D92A09D52000DE4F9B /* Sources */,
				F5BB20DA2A09D52000DE4F9B /* Frameworks */,
				F5BB20DB2A09D52000DE4F9B /* Resources */,
			);
			buildRules = (
			);
			dependencies = (
				F5BB20DF2A09D52000DE4F9B /* PBXTargetDependency */,
			);
			name = PersonalityQuiz_GomezUITests;
			productName = PersonalityQuiz_GomezUITests;
			productReference = F5BB20DD2A09D52000DE4F9B /* PersonalityQuiz_GomezUITests.xctest */;
			productType = "com.apple.product-type.bundle.ui-testing";
		};
/* End PBXNativeTarget section */

/* Begin PBXProject section */
		F5BB20B52A09D51F00DE4F9B /* Project object */ = {
			isa = PBXProject;
			attributes = {
				BuildIndependentTargetsInParallel = 1;
				LastSwiftUpdateCheck = 1430;
				LastUpgradeCheck = 1430;
				TargetAttributes = {
					F5BB20BC2A09D51F00DE4F9B = {
						CreatedOnToolsVersion = 14.3;
					};
					F5BB20D22A09D52000DE4F9B = {
						CreatedOnToolsVersion = 14.3;
						TestTargetID = F5BB20BC2A09D51F00DE4F9B;
					};
					F5BB20DC2A09D52000DE4F9B = {
						CreatedOnToolsVersion = 14.3;
						TestTargetID = F5BB20BC2A09D51F00DE4F9B;
					};
				};
			};
			buildConfigurationList = F5BB20B82A09D51F00DE4F9B /* Build configuration list for PBXProject "PersonalityQuiz_Gomez" */;
			compatibilityVersion = "Xcode 14.0";
			developmentRegion = en;
			hasScannedForEncodings = 0;
			knownRegions = (
				en,
				Base,
			);
			mainGroup = F5BB20B42A09D51F00DE4F9B;
			productRefGroup = F5BB20BE2A09D51F00DE4F9B /* Products */;
			projectDirPath = "";
			projectRoot = "";
			targets = (
				F5BB20BC2A09D51F00DE4F9B /* PersonalityQuiz_Gomez */,
				F5BB20D22A09D52000DE4F9B /* PersonalityQuiz_GomezTests */,
				F5BB20DC2A09D52000DE4F9B /* PersonalityQuiz_GomezUITests */,
			);
		};
/* End PBXProject section */

/* Begin PBXResourcesBuildPhase section */
		F5BB20BB2A09D51F00DE4F9B /* Resources */ = {
			isa = PBXResourcesBuildPhase;
			buildActionMask = 2147483647;
			files = (
				F5BB20CD2A09D52000DE4F9B /* LaunchScreen.storyboard in Resources */,
				F5BB20CA2A09D52000DE4F9B /* Assets.xcassets in Resources */,
				F5BB20C82A09D51F00DE4F9B /* Main.storyboard in Resources */,
			);
			runOnlyForDeploymentPostprocessing = 0;
		};
		F5BB20D12A09D52000DE4F9B /* Resources */ = {
			isa = PBXResourcesBuildPhase;
			buildActionMask = 2147483647;
			files = (
			);
			runOnlyForDeploymentPostprocessing = 0;
		};
		F5BB20DB2A09D52000DE4F9B /* Resources */ = {
			isa = PBXResourcesBuildPhase;
			buildActionMask = 2147483647;
			files = (
			);
			runOnlyForDeploymentPostprocessing = 0;
		};
/* End PBXResourcesBuildPhase section */

/* Begin PBXSourcesBuildPhase section */
		F5BB20B92A09D51F00DE4F9B /* Sources */ = {
			isa = PBXSourcesBuildPhase;
			buildActionMask = 2147483647;
			files = (
				F5BB20C52A09D51F00DE4F9B /* ViewController.swift in Sources */,
				F5BB20C12A09D51F00DE4F9B /* AppDelegate.swift in Sources */,
				F5BB20C32A09D51F00DE4F9B /* SceneDelegate.swift in Sources */,
			);
			runOnlyForDeploymentPostprocessing = 0;
		};
		F5BB20CF2A09D52000DE4F9B /* Sources */ = {
			isa = PBXSourcesBuildPhase;
			buildActionMask = 2147483647;
			files = (
				F5BB20D82A09D52000DE4F9B /* PersonalityQuiz_GomezTests.swift in Sources */,
			);
			runOnlyForDeploymentPostprocessing = 0;
		};
		F5BB20D92A09D52000DE4F9B /* Sources */ = {
			isa = PBXSourcesBuildPhase;
			buildActionMask = 2147483647;
			files = (
				F5BB20E22A09D52000DE4F9B /* PersonalityQuiz_GomezUITests.swift in Sources */,
				F5BB20E42A09D52000DE4F9B /* PersonalityQuiz_GomezUITestsLaunchTests.swift in Sources */,
			);
			runOnlyForDeploymentPostprocessing = 0;
		};
/* End PBXSourcesBuildPhase section */

/* Begin PBXTargetDependency section */
		F5BB20D52A09D52000DE4F9B /* PBXTargetDependency */ = {
			isa = PBXTargetDependency;
			target = F5BB20BC2A09D51F00DE4F9B /* PersonalityQuiz_Gomez */;
			targetProxy = F5BB20D42A09D52000DE4F9B /* PBXContainerItemProxy */;
		};
		F5BB20DF2A09D52000DE4F9B /* PBXTargetDependency */ = {
			isa = PBXTargetDependency;
			target = F5BB20BC2A09D51F00DE4F9B /* PersonalityQuiz_Gomez */;
			targetProxy = F5BB20DE2A09D52000DE4F9B /* PBXContainerItemProxy */;
		};
/* End PBXTargetDependency section */

/* Begin PBXVariantGroup section */
		F5BB20C62A09D51F00DE4F9B /* Main.storyboard */ = {
			isa = PBXVariantGroup;
			children = (
				F5BB20C72A09D51F00DE4F9B /* Base */,
			);
			name = Main.storyboard;
			sourceTree = "<group>";
		};
		F5BB20CB2A09D52000DE4F9B /* LaunchScreen.storyboard */ = {
			isa = PBXVariantGroup;
			children = (
				F5BB20CC2A09D52000DE4F9B /* Base */,
			);
			name = LaunchScreen.storyboard;
			sourceTree = "<group>";
		};
/* End PBXVariantGroup section */

/* Begin XCBuildConfiguration section */
		F5BB20E52A09D52000DE4F9B /* Debug */ = {
			isa = XCBuildConfiguration;
			buildSettings = {
				ALWAYS_SEARCH_USER_PATHS = NO;
				CLANG_ANALYZER_NONNULL = YES;
				CLANG_ANALYZER_NUMBER_OBJECT_CONVERSION = YES_AGGRESSIVE;
				CLANG_CXX_LANGUAGE_STANDARD = "gnu++20";
				CLANG_ENABLE_MODULES = YES;
				CLANG_ENABLE_OBJC_ARC = YES;
				CLANG_ENABLE_OBJC_WEAK = YES;
				CLANG_WARN_BLOCK_CAPTURE_AUTORELEASING = YES;
				CLANG_WARN_BOOL_CONVERSION = YES;
				CLANG_WARN_COMMA = YES;
				CLANG_WARN_CONSTANT_CONVERSION = YES;
				CLANG_WARN_DEPRECATED_OBJC_IMPLEMENTATIONS = YES;
				CLANG_WARN_DIRECT_OBJC_ISA_USAGE = YES_ERROR;
				CLANG_WARN_DOCUMENTATION_COMMENTS = YES;
				CLANG_WARN_EMPTY_BODY = YES;
				CLANG_WARN_ENUM_CONVERSION = YES;
				CLANG_WARN_INFINITE_RECURSION = YES;
				CLANG_WARN_INT_CONVERSION = YES;
				CLANG_WARN_NON_LITERAL_NULL_CONVERSION = YES;
				CLANG_WARN_OBJC_IMPLICIT_RETAIN_SELF = YES;
				CLANG_WARN_OBJC_LITERAL_CONVERSION = YES;
				CLANG_WARN_OBJC_ROOT_CLASS = YES_ERROR;
				CLANG_WARN_QUOTED_INCLUDE_IN_FRAMEWORK_HEADER = YES;
				CLANG_WARN_RANGE_LOOP_ANALYSIS = YES;
				CLANG_WARN_STRICT_PROTOTYPES = YES;
				CLANG_WARN_SUSPICIOUS_MOVE = YES;
				CLANG_WARN_UNGUARDED_AVAILABILITY = YES_AGGRESSIVE;
				CLANG_WARN_UNREACHABLE_CODE = YES;
				CLANG_WARN__DUPLICATE_METHOD_MATCH = YES;
				COPY_PHASE_STRIP = NO;
				DEBUG_INFORMATION_FORMAT = dwarf;
				ENABLE_STRICT_OBJC_MSGSEND = YES;
				ENABLE_TESTABILITY = YES;
				GCC_C_LANGUAGE_STANDARD = gnu11;
				GCC_DYNAMIC_NO_PIC = NO;
				GCC_NO_COMMON_BLOCKS = YES;
				GCC_OPTIMIZATION_LEVEL = 0;
				GCC_PREPROCESSOR_DEFINITIONS = (
					"DEBUG=1",
					"$(inherited)",
				);
				GCC_WARN_64_TO_32_BIT_CONVERSION = YES;
				GCC_WARN_ABOUT_RETURN_TYPE = YES_ERROR;
				GCC_WARN_UNDECLARED_SELECTOR = YES;
				GCC_WARN_UNINITIALIZED_AUTOS = YES_AGGRESSIVE;
				GCC_WARN_UNUSED_FUNCTION = YES;
				GCC_WARN_UNUSED_VARIABLE = YES;
				IPHONEOS_DEPLOYMENT_TARGET = 16.4;
				MTL_ENABLE_DEBUG_INFO = INCLUDE_SOURCE;
				MTL_FAST_MATH = YES;
				ONLY_ACTIVE_ARCH = YES;
				SDKROOT = iphoneos;
				SWIFT_ACTIVE_COMPILATION_CONDITIONS = DEBUG;
				SWIFT_OPTIMIZATION_LEVEL = "-Onone";
			};
			name = Debug;
		};
		F5BB20E62A09D52000DE4F9B /* Release */ = {
			isa = XCBuildConfiguration;
			buildSettings = {
				ALWAYS_SEARCH_USER_PATHS = NO;
				CLANG_ANALYZER_NONNULL = YES;
				CLANG_ANALYZER_NUMBER_OBJECT_CONVERSION = YES_AGGRESSIVE;
				CLANG_CXX_LANGUAGE_STANDARD = "gnu++20";
				CLANG_ENABLE_MODULES = YES;
				CLANG_ENABLE_OBJC_ARC = YES;
				CLANG_ENABLE_OBJC_WEAK = YES;
				CLANG_WARN_BLOCK_CAPTURE_AUTORELEASING = YES;
				CLANG_WARN_BOOL_CONVERSION = YES;
				CLANG_WARN_COMMA = YES;
				CLANG_WARN_CONSTANT_CONVERSION = YES;
				CLANG_WARN_DEPRECATED_OBJC_IMPLEMENTATIONS = YES;
				CLANG_WARN_DIRECT_OBJC_ISA_USAGE = YES_ERROR;
				CLANG_WARN_DOCUMENTATION_COMMENTS = YES;
				CLANG_WARN_EMPTY_BODY = YES;
				CLANG_WARN_ENUM_CONVERSION = YES;
				CLANG_WARN_INFINITE_RECURSION = YES;
				CLANG_WARN_INT_CONVERSION = YES;
				CLANG_WARN_NON_LITERAL_NULL_CONVERSION = YES;
				CLANG_WARN_OBJC_IMPLICIT_RETAIN_SELF = YES;
				CLANG_WARN_OBJC_LITERAL_CONVERSION = YES;
				CLANG_WARN_OBJC_ROOT_CLASS = YES_ERROR;
				CLANG_WARN_QUOTED_INCLUDE_IN_FRAMEWORK_HEADER = YES;
				CLANG_WARN_RANGE_LOOP_ANALYSIS = YES;
				CLANG_WARN_STRICT_PROTOTYPES = YES;
				CLANG_WARN_SUSPICIOUS_MOVE = YES;
				CLANG_WARN_UNGUARDED_AVAILABILITY = YES_AGGRESSIVE;
				CLANG_WARN_UNREACHABLE_CODE = YES;
				CLANG_WARN__DUPLICATE_METHOD_MATCH = YES;
				COPY_PHASE_STRIP = NO;
				DEBUG_INFORMATION_FORMAT = "dwarf-with-dsym";
				ENABLE_NS_ASSERTIONS = NO;
				ENABLE_STRICT_OBJC_MSGSEND = YES;
				GCC_C_LANGUAGE_STANDARD = gnu11;
				GCC_NO_COMMON_BLOCKS = YES;
				GCC_WARN_64_TO_32_BIT_CONVERSION = YES;
				GCC_WARN_ABOUT_RETURN_TYPE = YES_ERROR;
				GCC_WARN_UNDECLARED_SELECTOR = YES;
				GCC_WARN_UNINITIALIZED_AUTOS = YES_AGGRESSIVE;
				GCC_WARN_UNUSED_FUNCTION = YES;
				GCC_WARN_UNUSED_VARIABLE = YES;
				IPHONEOS_DEPLOYMENT_TARGET = 16.4;
				MTL_ENABLE_DEBUG_INFO = NO;
				MTL_FAST_MATH = YES;
				SDKROOT = iphoneos;
				SWIFT_COMPILATION_MODE = wholemodule;
				SWIFT_OPTIMIZATION_LEVEL = "-O";
				VALIDATE_PRODUCT = YES;
			};
			name = Release;
		};
		F5BB20E82A09D52000DE4F9B /* Debug */ = {
			isa = XCBuildConfiguration;
			buildSettings = {
				ASSETCATALOG_COMPILER_APPICON_NAME = AppIcon;
				ASSETCATALOG_COMPILER_GLOBAL_ACCENT_COLOR_NAME = AccentColor;
				CODE_SIGN_STYLE = Automatic;
				CURRENT_PROJECT_VERSION = 1;
				DEVELOPMENT_TEAM = SYH76T8D2F;
				GENERATE_INFOPLIST_FILE = YES;
				INFOPLIST_FILE = PersonalityQuiz_Gomez/Info.plist;
				INFOPLIST_KEY_UIApplicationSupportsIndirectInputEvents = YES;
				INFOPLIST_KEY_UILaunchStoryboardName = LaunchScreen;
				INFOPLIST_KEY_UIMainStoryboardFile = Main;
				INFOPLIST_KEY_UISupportedInterfaceOrientations_iPad = "UIInterfaceOrientationPortrait UIInterfaceOrientationPortraitUpsideDown UIInterfaceOrientationLandscapeLeft UIInterfaceOrientationLandscapeRight";
				INFOPLIST_KEY_UISupportedInterfaceOrientations_iPhone = "UIInterfaceOrientationPortrait UIInterfaceOrientationLandscapeLeft UIInterfaceOrientationLandscapeRight";
				LD_RUNPATH_SEARCH_PATHS = (
					"$(inherited)",
					"@executable_path/Frameworks",
				);
				MARKETING_VERSION = 1.0;
				PRODUCT_BUNDLE_IDENTIFIER = "com.byrongomezjr.PersonalityQuiz-Gomez";
				PRODUCT_NAME = "$(TARGET_NAME)";
				SWIFT_EMIT_LOC_STRINGS = YES;
				SWIFT_VERSION = 5.0;
				TARGETED_DEVICE_FAMILY = "1,2";
			};
			name = Debug;
		};
		F5BB20E92A09D52000DE4F9B /* Release */ = {
			isa = XCBuildConfiguration;
			buildSettings = {
				ASSETCATALOG_COMPILER_APPICON_NAME = AppIcon;
				ASSETCATALOG_COMPILER_GLOBAL_ACCENT_COLOR_NAME = AccentColor;
				CODE_SIGN_STYLE = Automatic;
				CURRENT_PROJECT_VERSION = 1;
				DEVELOPMENT_TEAM = SYH76T8D2F;
				GENERATE_INFOPLIST_FILE = YES;
				INFOPLIST_FILE = PersonalityQuiz_Gomez/Info.plist;
				INFOPLIST_KEY_UIApplicationSupportsIndirectInputEvents = YES;
				INFOPLIST_KEY_UILaunchStoryboardName = LaunchScreen;
				INFOPLIST_KEY_UIMainStoryboardFile = Main;
				INFOPLIST_KEY_UISupportedInterfaceOrientations_iPad = "UIInterfaceOrientationPortrait UIInterfaceOrientationPortraitUpsideDown UIInterfaceOrientationLandscapeLeft UIInterfaceOrientationLandscapeRight";
				INFOPLIST_KEY_UISupportedInterfaceOrientations_iPhone = "UIInterfaceOrientationPortrait UIInterfaceOrientationLandscapeLeft UIInterfaceOrientationLandscapeRight";
				LD_RUNPATH_SEARCH_PATHS = (
					"$(inherited)",
					"@executable_path/Frameworks",
				);
				MARKETING_VERSION = 1.0;
				PRODUCT_BUNDLE_IDENTIFIER = "com.byrongomezjr.PersonalityQuiz-Gomez";
				PRODUCT_NAME = "$(TARGET_NAME)";
				SWIFT_EMIT_LOC_STRINGS = YES;
				SWIFT_VERSION = 5.0;
				TARGETED_DEVICE_FAMILY = "1,2";
			};
			name = Release;
		};
		F5BB20EB2A09D52000DE4F9B /* Debug */ = {
			isa = XCBuildConfiguration;
			buildSettings = {
				ALWAYS_EMBED_SWIFT_STANDARD_LIBRARIES = YES;
				BUNDLE_LOADER = "$(TEST_HOST)";
				CODE_SIGN_STYLE = Automatic;
				CURRENT_PROJECT_VERSION = 1;
				DEVELOPMENT_TEAM = SYH76T8D2F;
				GENERATE_INFOPLIST_FILE = YES;
				IPHONEOS_DEPLOYMENT_TARGET = 16.4;
				MARKETING_VERSION = 1.0;
				PRODUCT_BUNDLE_IDENTIFIER = "com.byrongomezjr.PersonalityQuiz-GomezTests";
				PRODUCT_NAME = "$(TARGET_NAME)";
				SWIFT_EMIT_LOC_STRINGS = NO;
				SWIFT_VERSION = 5.0;
				TARGETED_DEVICE_FAMILY = "1,2";
				TEST_HOST = "$(BUILT_PRODUCTS_DIR)/PersonalityQuiz_Gomez.app/$(BUNDLE_EXECUTABLE_FOLDER_PATH)/PersonalityQuiz_Gomez";
			};
			name = Debug;
		};
		F5BB20EC2A09D52000DE4F9B /* Release */ = {
			isa = XCBuildConfiguration;
			buildSettings = {
				ALWAYS_EMBED_SWIFT_STANDARD_LIBRARIES = YES;
				BUNDLE_LOADER = "$(TEST_HOST)";
				CODE_SIGN_STYLE = Automatic;
				CURRENT_PROJECT_VERSION = 1;
				DEVELOPMENT_TEAM = SYH76T8D2F;
				GENERATE_INFOPLIST_FILE = YES;
				IPHONEOS_DEPLOYMENT_TARGET = 16.4;
				MARKETING_VERSION = 1.0;
				PRODUCT_BUNDLE_IDENTIFIER = "com.byrongomezjr.PersonalityQuiz-GomezTests";
				PRODUCT_NAME = "$(TARGET_NAME)";
				SWIFT_EMIT_LOC_STRINGS = NO;
				SWIFT_VERSION = 5.0;
				TARGETED_DEVICE_FAMILY = "1,2";
				TEST_HOST = "$(BUILT_PRODUCTS_DIR)/PersonalityQuiz_Gomez.app/$(BUNDLE_EXECUTABLE_FOLDER_PATH)/PersonalityQuiz_Gomez";
			};
			name = Release;
		};
		F5BB20EE2A09D52000DE4F9B /* Debug */ = {
			isa = XCBuildConfiguration;
			buildSettings = {
				ALWAYS_EMBED_SWIFT_STANDARD_LIBRARIES = YES;
				CODE_SIGN_STYLE = Automatic;
				CURRENT_PROJECT_VERSION = 1;
				DEVELOPMENT_TEAM = SYH76T8D2F;
				GENERATE_INFOPLIST_FILE = YES;
				MARKETING_VERSION = 1.0;
				PRODUCT_BUNDLE_IDENTIFIER = "com.byrongomezjr.PersonalityQuiz-GomezUITests";
				PRODUCT_NAME = "$(TARGET_NAME)";
				SWIFT_EMIT_LOC_STRINGS = NO;
				SWIFT_VERSION = 5.0;
				TARGETED_DEVICE_FAMILY = "1,2";
				TEST_TARGET_NAME = PersonalityQuiz_Gomez;
			};
			name = Debug;
		};
		F5BB20EF2A09D52000DE4F9B /* Release */ = {
			isa = XCBuildConfiguration;
			buildSettings = {
				ALWAYS_EMBED_SWIFT_STANDARD_LIBRARIES = YES;
				CODE_SIGN_STYLE = Automatic;
				CURRENT_PROJECT_VERSION = 1;
				DEVELOPMENT_TEAM = SYH76T8D2F;
				GENERATE_INFOPLIST_FILE = YES;
				MARKETING_VERSION = 1.0;
				PRODUCT_BUNDLE_IDENTIFIER = "com.byrongomezjr.PersonalityQuiz-GomezUITests";
				PRODUCT_NAME = "$(TARGET_NAME)";
				SWIFT_EMIT_LOC_STRINGS = NO;
				SWIFT_VERSION = 5.0;
				TARGETED_DEVICE_FAMILY = "1,2";
				TEST_TARGET_NAME = PersonalityQuiz_Gomez;
			};
			name = Release;
		};
/* End XCBuildConfiguration section */

/* Begin XCConfigurationList section */
		F5BB20B82A09D51F00DE4F9B /* Build configuration list for PBXProject "PersonalityQuiz_Gomez" */ = {
			isa = XCConfigurationList;
			buildConfigurations = (
				F5BB20E52A09D52000DE4F9B /* Debug */,
				F5BB20E62A09D52000DE4F9B /* Release */,
			);
			defaultConfigurationIsVisible = 0;
			defaultConfigurationName = Release;
		};
		F5BB20E72A09D52000DE4F9B /* Build configuration list for PBXNativeTarget "PersonalityQuiz_Gomez" */ = {
			isa = XCConfigurationList;
			buildConfigurations = (
				F5BB20E82A09D52000DE4F9B /* Debug */,
				F5BB20E92A09D52000DE4F9B /* Release */,
			);
			defaultConfigurationIsVisible = 0;
			defaultConfigurationName = Release;
		};
		F5BB20EA2A09D52000DE4F9B /* Build configuration list for PBXNativeTarget "PersonalityQuiz_GomezTests" */ = {
			isa = XCConfigurationList;
			buildConfigurations = (
				F5BB20EB2A09D52000DE4F9B /* Debug */,
				F5BB20EC2A09D52000DE4F9B /* Release */,
			);
			defaultConfigurationIsVisible = 0;
			defaultConfigurationName = Release;
		};
		F5BB20ED2A09D52000DE4F9B /* Build configuration list for PBXNativeTarget "PersonalityQuiz_GomezUITests" */ = {
			isa = XCConfigurationList;
			buildConfigurations = (
				F5BB20EE2A09D52000DE4F9B /* Debug */,
				F5BB20EF2A09D52000DE4F9B /* Release */,
			);
			defaultConfigurationIsVisible = 0;
			defaultConfigurationName = Release;
		};
/* End XCConfigurationList section */
	};
	rootObject = F5BB20B52A09D51F00DE4F9B /* Project object */;
}
